
Microsoft Visual Studio Solution File, Format Version 12.00
# Visual Studio Version 16
VisualStudioVersion = 16.0.31410.357
MinimumVisualStudioVersion = 10.0.40219.1
Project("{FAE04EC0-301F-11D3-BF4B-00C04F79EFBC}") = "YouTubeMusic", "YouTubeMusic.csproj", "{8DE7DAE9-AB95-4A8C-AD08-22CAF04D22AF}"
EndProject
Project("{54435603-DBB4-11D2-8724-00A0C9A8B90C}") = "YouTubeMusicDownloader", "..\YouTubeMusicDownloader\YouTubeMusicDownloader.vdproj", "{A8755731-DE19-4DE6-A163-3A38A9BCFB39}"
EndProject
Global
	GlobalSection(SolutionConfigurationPlatforms) = preSolution
		Debug|Any CPU = Debug|Any CPU
		Release|Any CPU = Release|Any CPU
	EndGlobalSection
	GlobalSection(ProjectConfigurationPlatforms) = postSolution
		{8DE7DAE9-AB95-4A8C-AD08-22CAF04D22AF}.Debug|Any CPU.ActiveCfg = Debug|Any CPU
		{8DE7DAE9-AB95-4A8C-AD08-22CAF04D22AF}.Debug|Any CPU.Build.0 = Debug|Any CPU
		{8DE7DAE9-AB95-4A8C-AD08-22CAF04D22AF}.Release|Any CPU.ActiveCfg = Release|Any CPU
		{8DE7DAE9-AB95-4A8C-AD08-22CAF04D22AF}.Release|Any CPU.Build.0 = Release|Any CPU
		{A8755731-DE19-4DE6-A163-3A38A9BCFB39}.Debug|Any CPU.ActiveCfg = Debug
		{A8755731-DE19-4DE6-A163-3A38A9BCFB39}.Release|Any CPU.ActiveCfg = Release
	EndGlobalSection
	GlobalSection(SolutionProperties) = preSolution
		HideSolutionNode = FALSE
	EndGlobalSection
	GlobalSection(ExtensibilityGlobals) = postSolution
		SolutionGuid = {C101FF1D-912F-4C38-9E10-41A28BB89789}
	EndGlobalSection
EndGlobal
